{
    "_meta": {
        "hash": {
            "sha256": "ee60727ac09afbb127817acb6a77cabd5617f7746d5650e53345a71d06cf2ab3"
        },
        "pipfile-spec": 6,
        "requires": {
            "python_version": "3"
        },
        "sources": [
            {
                "name": "pypi",
                "url": "https://pypi.org/simple",
                "verify_ssl": true
            }
        ]
    },
    "default": {
        "mtgsdk": {
            "hashes": [
                "sha256:3e7d2a6b5f49cbf75e0b4cbaf0424ac6130cab1d994f873ea4d186fa2e645b39"
            ],
            "index": "pypi",
            "version": "==1.3.1"
        }
    },
    "develop": {
        "colorful": {
            "hashes": [
                "sha256:74bbaeb90fb5b3d31fccdc6e562bdce721f19dc6d566f72a31e43f5503ac2841",
                "sha256:86db34ba9b41106d7c69a394049e9d47be4cf15f863d04b8a0b21509ea9df6bc"
            ],
            "index": "pypi",
            "version": "==0.5.0"
        }
    }
}
